
Microsoft Visual Studio Solution File, Format Version 12.00
# Visual Studio Version 17
VisualStudioVersion = 17.5.002.0
MinimumVisualStudioVersion = 10.0.40219.1
Project("{9A19103F-16F7-4668-BE54-9A1E7A4F7556}") = "api", "api\api.csproj", "{09EE3C46-94C5-4A91-B6AB-B76AF3F8D721}"
EndProject
Global
	GlobalSection(SolutionConfigurationPlatforms) = preSolution
		Debug|Any CPU = Debug|Any CPU
		Release|Any CPU = Release|Any CPU
	EndGlobalSection
	GlobalSection(ProjectConfigurationPlatforms) = postSolution
		{09EE3C46-94C5-4A91-B6AB-B76AF3F8D721}.Debug|Any CPU.ActiveCfg = Debug|Any CPU
		{09EE3C46-94C5-4A91-B6AB-B76AF3F8D721}.Debug|Any CPU.Build.0 = Debug|Any CPU
		{09EE3C46-94C5-4A91-B6AB-B76AF3F8D721}.Release|Any CPU.ActiveCfg = Release|Any CPU
		{09EE3C46-94C5-4A91-B6AB-B76AF3F8D721}.Release|Any CPU.Build.0 = Release|Any CPU
	EndGlobalSection
	GlobalSection(SolutionProperties) = preSolution
		HideSolutionNode = FALSE
	EndGlobalSection
	GlobalSection(ExtensibilityGlobals) = postSolution
		SolutionGuid = {361B5DA3-B5A3-4F00-A4E2-DBCE170869D3}
	EndGlobalSection
EndGlobal
